
Microsoft Visual Studio Solution File, Format Version 12.00
# Visual Studio Version 16
VisualStudioVersion = 16.0.29102.190
MinimumVisualStudioVersion = 10.0.40219.1
Project("{FAE04EC0-301F-11D3-BF4B-00C04F79EFBC}") = "TestCell", "CLIREField\TestCell.csproj", "{A3869865-8D37-419E-B2A9-366D3B102CF0}"
EndProject
Global
	GlobalSection(SolutionConfigurationPlatforms) = preSolution
		Debug|Any CPU = Debug|Any CPU
		Release|Any CPU = Release|Any CPU
	EndGlobalSection
	GlobalSection(ProjectConfigurationPlatforms) = postSolution
		{A3869865-8D37-419E-B2A9-366D3B102CF0}.Debug|Any CPU.ActiveCfg = Debug|Any CPU
		{A3869865-8D37-419E-B2A9-366D3B102CF0}.Debug|Any CPU.Build.0 = Debug|Any CPU
		{A3869865-8D37-419E-B2A9-366D3B102CF0}.Release|Any CPU.ActiveCfg = Release|Any CPU
		{A3869865-8D37-419E-B2A9-366D3B102CF0}.Release|Any CPU.Build.0 = Release|Any CPU
	EndGlobalSection
	GlobalSection(SolutionProperties) = preSolution
		HideSolutionNode = FALSE
	EndGlobalSection
	GlobalSection(ExtensibilityGlobals) = postSolution
		SolutionGuid = {1F7F9DBE-F535-42B2-A7CF-FAC63B8633EA}
	EndGlobalSection
EndGlobal
